
Microsoft Visual Studio Solution File, Format Version 12.00
# Visual Studio Version 16
VisualStudioVersion = 16.0.34031.81
MinimumVisualStudioVersion = 10.0.40219.1
Project("{FAE04EC0-301F-11D3-BF4B-00C04F79EFBC}") = "CauTruc_Lienket_1", "CauTruc_Lienket_1\CauTruc_Lienket_1.csproj", "{D492A9CD-AD59-4B37-B98E-11C445A51AEA}"
EndProject
Global
	GlobalSection(SolutionConfigurationPlatforms) = preSolution
		Debug|Any CPU = Debug|Any CPU
		Release|Any CPU = Release|Any CPU
	EndGlobalSection
	GlobalSection(ProjectConfigurationPlatforms) = postSolution
		{D492A9CD-AD59-4B37-B98E-11C445A51AEA}.Debug|Any CPU.ActiveCfg = Debug|Any CPU
		{D492A9CD-AD59-4B37-B98E-11C445A51AEA}.Debug|Any CPU.Build.0 = Debug|Any CPU
		{D492A9CD-AD59-4B37-B98E-11C445A51AEA}.Release|Any CPU.ActiveCfg = Release|Any CPU
		{D492A9CD-AD59-4B37-B98E-11C445A51AEA}.Release|Any CPU.Build.0 = Release|Any CPU
	EndGlobalSection
	GlobalSection(SolutionProperties) = preSolution
		HideSolutionNode = FALSE
	EndGlobalSection
	GlobalSection(ExtensibilityGlobals) = postSolution
		SolutionGuid = {DB341993-991F-47B8-9CFE-0F2FFD218129}
	EndGlobalSection
EndGlobal
